
Microsoft Visual Studio Solution File, Format Version 12.00
# Visual Studio 2012
Project("{8BC9CEB8-8B4A-11D0-8D11-00A0C91BC942}") = "cuda1", "cuda1\cuda1.vcxproj", "{CF91E08F-7F3B-42E7-AFA7-CE480653F3F8}"
EndProject
Global
	GlobalSection(SolutionConfigurationPlatforms) = preSolution
		Debug|Win32 = Debug|Win32
		Release|Win32 = Release|Win32
	EndGlobalSection
	GlobalSection(ProjectConfigurationPlatforms) = postSolution
		{CF91E08F-7F3B-42E7-AFA7-CE480653F3F8}.Debug|Win32.ActiveCfg = Debug|Win32
		{CF91E08F-7F3B-42E7-AFA7-CE480653F3F8}.Debug|Win32.Build.0 = Debug|Win32
		{CF91E08F-7F3B-42E7-AFA7-CE480653F3F8}.Release|Win32.ActiveCfg = Release|Win32
		{CF91E08F-7F3B-42E7-AFA7-CE480653F3F8}.Release|Win32.Build.0 = Release|Win32
	EndGlobalSection
	GlobalSection(SolutionProperties) = preSolution
		HideSolutionNode = FALSE
	EndGlobalSection
EndGlobal
